# This file is autogenerated, do not edit; changes may be undone by the next 'dep ensure'.


[[projects]]
  name = "github.com/StackExchange/wmi"
  packages = ["."]
  revision = "5d049714c4a64225c3c79a7cf7d02f7fb5b96338"
  version = "1.0.0"

[[projects]]
  branch = "master"
  name = "github.com/c9s/goprocinfo"
  packages = ["linux"]
  revision = "0010a05ce49fde7f50669bc7ecda7d41dd6ab824"

[[projects]]
  name = "github.com/go-ole/go-ole"
  packages = [
    ".",
    "oleutil"
  ]
  revision = "a41e3c4b706f6ae8dfbff342b06e40fa4d2d0506"
  version = "v1.2.1"

[[projects]]
  name = "github.com/golang/protobuf"
  packages = [
    "jsonpb",
    "proto",
    "protoc-gen-go/descriptor",
    "ptypes",
    "ptypes/any",
    "ptypes/duration",
    "ptypes/struct",
    "ptypes/timestamp"
  ]
  revision = "925541529c1fa6821df4e44ce2723319eb2be768"
  version = "v1.0.0"

[[projects]]
  name = "github.com/grpc-ecosystem/grpc-gateway"
  packages = [
    "runtime",
    "runtime/internal",
    "utilities"
  ]
  revision = "07f5e79768022f9a3265235f0db4ac8c3f675fec"
  version = "v1.3.1"

[[projects]]
  name = "github.com/shirou/gopsutil"
  packages = [
    "disk",
    "internal/common"
  ]
  revision = "5776ff9c7c5d063d574ef53d740f75c68b448e53"
  version = "v2.18.02"

[[projects]]
  branch = "master"
  name = "golang.org/x/net"
  packages = [
    "context",
    "http2",
    "http2/hpack",
    "idna",
    "internal/timeseries",
    "lex/httplex",
    "trace"
  ]
  revision = "b68f30494add4df6bd8ef5e82803f308e7f7c59c"

[[projects]]
  branch = "master"
  name = "golang.org/x/sys"
  packages = [
    "unix",
    "windows"
  ]
  revision = "378d26f46672a356c46195c28f61bdb4c0a781dd"

[[projects]]
  name = "golang.org/x/text"
  packages = [
    "collate",
    "collate/build",
    "internal/colltab",
    "internal/gen",
    "internal/tag",
    "internal/triegen",
    "internal/ucd",
    "language",
    "secure/bidirule",
    "transform",
    "unicode/bidi",
    "unicode/cldr",
    "unicode/norm",
    "unicode/rangetable"
  ]
  revision = "f21a4dfb5e38f5895301dc265a8def02365cc3d0"
  version = "v0.3.0"

[[projects]]
  branch = "master"
  name = "google.golang.org/genproto"
  packages = [
    "googleapis/api/annotations",
    "googleapis/rpc/status"
  ]
  revision = "ab0870e398d5dd054b868c0db1481ab029b9a9f2"

[[projects]]
  name = "google.golang.org/grpc"
  packages = [
    ".",
    "balancer",
    "balancer/base",
    "balancer/roundrobin",
    "codes",
    "connectivity",
    "credentials",
    "encoding",
    "encoding/proto",
    "grpclb/grpc_lb_v1/messages",
    "grpclog",
    "internal",
    "keepalive",
    "metadata",
    "naming",
    "peer",
    "resolver",
    "resolver/dns",
    "resolver/passthrough",
    "stats",
    "status",
    "tap",
    "transport"
  ]
  revision = "1e2570b1b19ade82d8dbb31bba4e65e9f9ef5b34"
  version = "v1.11.1"

[solve-meta]
  analyzer-name = "dep"
  analyzer-version = 1
  inputs-digest = "be4ff3ae6ae9b7c5880b977a515292bca2db1b934ff5a2de5be1c6f5f31510f8"
  solver-name = "gps-cdcl"
  solver-version = 1
